
Microsoft Visual Studio Solution File, Format Version 12.00
# Visual Studio Version 17
VisualStudioVersion = 17.0.31903.59
MinimumVisualStudioVersion = 10.0.40219.1
Project("{FAE04EC0-301F-11D3-BF4B-00C04F79EFBC}") = "Baumeister.Examples", "Baumeister.Examples\Baumeister.Examples.csproj", "{DE059FB2-A658-4AFB-892C-A08F941415B0}"
EndProject
Project("{FAE04EC0-301F-11D3-BF4B-00C04F79EFBC}") = "Baumeister.Abstractions", "Baumeister.Abstractions\Baumeister.Abstractions.csproj", "{AFD324B6-54E2-4AE7-AE6D-58AED1CBE40E}"
EndProject
Project("{FAE04EC0-301F-11D3-BF4B-00C04F79EFBC}") = "Baumeister.Examples.UnitTests", "Baumeister.Examples.UnitTests\Baumeister.Examples.UnitTests.csproj", "{91F46D6F-7E3F-43EF-B9A9-84D45E03DE7D}"
EndProject
Project("{FAE04EC0-301F-11D3-BF4B-00C04F79EFBC}") = "Baumeister.Generators", "Baumeister.Generators\Baumeister.Generators.csproj", "{D08E4404-6193-4A57-929F-E60F465F2F3B}"
EndProject
Project("{2150E333-8FDC-42A3-9474-1A3956D46DE8}") = "SolutionFiles", "SolutionFiles", "{02EA681E-C7D8-13C7-8484-4AC65E1B71E8}"
	ProjectSection(SolutionItems) = preProject
		.gitignore = .gitignore
	EndProjectSection
EndProject
Global
	GlobalSection(SolutionConfigurationPlatforms) = preSolution
		Debug|Any CPU = Debug|Any CPU
		Release|Any CPU = Release|Any CPU
	EndGlobalSection
	GlobalSection(ProjectConfigurationPlatforms) = postSolution
		{DE059FB2-A658-4AFB-892C-A08F941415B0}.Debug|Any CPU.ActiveCfg = Debug|Any CPU
		{DE059FB2-A658-4AFB-892C-A08F941415B0}.Debug|Any CPU.Build.0 = Debug|Any CPU
		{DE059FB2-A658-4AFB-892C-A08F941415B0}.Release|Any CPU.ActiveCfg = Release|Any CPU
		{DE059FB2-A658-4AFB-892C-A08F941415B0}.Release|Any CPU.Build.0 = Release|Any CPU
		{AFD324B6-54E2-4AE7-AE6D-58AED1CBE40E}.Debug|Any CPU.ActiveCfg = Debug|Any CPU
		{AFD324B6-54E2-4AE7-AE6D-58AED1CBE40E}.Debug|Any CPU.Build.0 = Debug|Any CPU
		{AFD324B6-54E2-4AE7-AE6D-58AED1CBE40E}.Release|Any CPU.ActiveCfg = Release|Any CPU
		{AFD324B6-54E2-4AE7-AE6D-58AED1CBE40E}.Release|Any CPU.Build.0 = Release|Any CPU
		{91F46D6F-7E3F-43EF-B9A9-84D45E03DE7D}.Debug|Any CPU.ActiveCfg = Debug|Any CPU
		{91F46D6F-7E3F-43EF-B9A9-84D45E03DE7D}.Debug|Any CPU.Build.0 = Debug|Any CPU
		{91F46D6F-7E3F-43EF-B9A9-84D45E03DE7D}.Release|Any CPU.ActiveCfg = Release|Any CPU
		{91F46D6F-7E3F-43EF-B9A9-84D45E03DE7D}.Release|Any CPU.Build.0 = Release|Any CPU
		{D08E4404-6193-4A57-929F-E60F465F2F3B}.Debug|Any CPU.ActiveCfg = Debug|Any CPU
		{D08E4404-6193-4A57-929F-E60F465F2F3B}.Debug|Any CPU.Build.0 = Debug|Any CPU
		{D08E4404-6193-4A57-929F-E60F465F2F3B}.Release|Any CPU.ActiveCfg = Release|Any CPU
		{D08E4404-6193-4A57-929F-E60F465F2F3B}.Release|Any CPU.Build.0 = Release|Any CPU
	EndGlobalSection
	GlobalSection(SolutionProperties) = preSolution
		HideSolutionNode = FALSE
	EndGlobalSection
	GlobalSection(ExtensibilityGlobals) = postSolution
		SolutionGuid = {B8ECF7E6-216B-4EDC-90DC-E348A839B364}
	EndGlobalSection
EndGlobal
